<?xml version="1.0" encoding="utf-8"?>
<Project ToolsVersion="4.0" xmlns="http://schemas.microsoft.com/developer/msbuild/2003">
  <ItemGroup>
    <Filter Include="源文件">
      <UniqueIdentifier>{4FC737F1-C7A5-4376-A066-2A32D752A2FF}</UniqueIdentifier>
      <Extensions>cpp;c;cc;cxx;def;odl;idl;hpj;bat;asm;asmx</Extensions>
    </Filter>
    <Filter Include="头文件">
      <UniqueIdentifier>{93995380-89BD-4b04-88EB-625FBE52EBFB}</UniqueIdentifier>
      <Extensions>h;hpp;hxx;hm;inl;inc;xsd</Extensions>
    </Filter>
    <Filter Include="资源文件">
      <UniqueIdentifier>{67DA6AB6-F800-4c08-8B7A-83BB121AAD01}</UniqueIdentifier>
      <Extensions>rc;ico;cur;bmp;dlg;rc2;rct;bin;rgs;gif;jpg;jpeg;jpe;resx;tiff;tif;png;wav;mfcribbon-ms</Extensions>
    </Filter>
    <Filter Include="jiangmfc">
      <UniqueIdentifier>{cd943c3f-d3eb-4195-9fe8-88baef7bfb0b}</UniqueIdentifier>
    </Filter>
    <Filter Include="chartctrl">
      <UniqueIdentifier>{3ce07407-931d-4813-a887-3b99cf9a3270}</UniqueIdentifier>
    </Filter>
    <Filter Include="CSV">
      <UniqueIdentifier>{aa4e2228-8170-43d9-9c6c-a9b5b767c116}</UniqueIdentifier>
    </Filter>
    <Filter Include="codemark">
      <UniqueIdentifier>{a06c11f8-99d1-4c55-8e30-789a5bea93b5}</UniqueIdentifier>
    </Filter>
    <Filter Include="reg">
      <UniqueIdentifier>{550b7ddf-6bf0-403d-9e1b-484799ffd32b}</UniqueIdentifier>
    </Filter>
    <Filter Include="hmap2">
      <UniqueIdentifier>{ac419aef-4d35-407f-a7f8-ae4d6b679d03}</UniqueIdentifier>
    </Filter>
    <Filter Include="include">
      <UniqueIdentifier>{f2018f60-0bfc-4758-b3ed-be2c46d58375}</UniqueIdentifier>
    </Filter>
  </ItemGroup>
  <ItemGroup>
    <None Include="ReadMe.txt" />
    <None Include="res\buttons.bmp">
      <Filter>资源文件</Filter>
    </None>
    <None Include="res\filelarge.bmp">
      <Filter>资源文件</Filter>
    </None>
    <None Include="res\filesmall.bmp">
      <Filter>资源文件</Filter>
    </None>
    <None Include="res\main.bmp">
      <Filter>资源文件</Filter>
    </None>
    <None Include="res\writelarge.bmp">
      <Filter>资源文件</Filter>
    </None>
    <None Include="res\writesmall.bmp">
      <Filter>资源文件</Filter>
    </None>
    <None Include="res\ribbon.mfcribbon-ms">
      <Filter>资源文件</Filter>
    </None>
    <None Include="res\CalibrationCtrl.rc2">
      <Filter>资源文件</Filter>
    </None>
    <None Include="res\CalibrationCtrlDoc.ico">
      <Filter>资源文件</Filter>
    </None>
    <None Include="res\CalibrationCtrl.ico">
      <Filter>资源文件</Filter>
    </None>
    <None Include="res\Toolbar.bmp">
      <Filter>资源文件</Filter>
    </None>
    <None Include="res\Toolbar256.bmp">
      <Filter>资源文件</Filter>
    </None>
    <None Include="res\11.bmp">
      <Filter>资源文件</Filter>
    </None>
    <None Include="res\xudongliang.bmp">
      <Filter>资源文件</Filter>
    </None>
    <None Include="res\icon1.ico">
      <Filter>资源文件</Filter>
    </None>
    <None Include="ChartCtrl\ChartBalloonLabel.inl">
      <Filter>chartctrl</Filter>
    </None>
    <None Include="ChartCtrl\ChartLabel.inl">
      <Filter>chartctrl</Filter>
    </None>
    <None Include="ChartCtrl\ChartPointsArray.inl">
      <Filter>chartctrl</Filter>
    </None>
    <None Include="ChartCtrl\ChartSerieBase.inl">
      <Filter>chartctrl</Filter>
    </None>
    <None Include="res\bitmap3.bmp">
      <Filter>资源文件</Filter>
    </None>
    <None Include="res\newicons-32.bmp">
      <Filter>资源文件</Filter>
    </None>
    <None Include="res\bitmap2.bmp">
      <Filter>资源文件</Filter>
    </None>
    <None Include="res\filelarge (2).bmp">
      <Filter>资源文件</Filter>
    </None>
    <None Include="res\filelarge2.bmp">
      <Filter>资源文件</Filter>
    </None>
    <None Include="res\bitmap4.bmp">
      <Filter>资源文件</Filter>
    </None>
    <None Include="res\filelarge (2) - 副本.bmp">
      <Filter>资源文件</Filter>
    </None>
    <None Include="res\ok.bmp">
      <Filter>资源文件</Filter>
    </None>
    <None Include="res\ok2.bmp">
      <Filter>资源文件</Filter>
    </None>
    <None Include="res\CalibrationCtrl.bmp">
      <Filter>资源文件</Filter>
    </None>
    <None Include="res\icon.bmp">
      <Filter>资源文件</Filter>
    </None>
    <None Include="res\head.bmp">
      <Filter>资源文件</Filter>
    </None>
    <None Include="ClassDiagram.cd" />
  </ItemGroup>
  <ItemGroup>
    <ClInclude Include="CalibrationCtrl.h">
      <Filter>头文件</Filter>
    </ClInclude>
    <ClInclude Include="stdafx.h">
      <Filter>头文件</Filter>
    </ClInclude>
    <ClInclude Include="targetver.h">
      <Filter>头文件</Filter>
    </ClInclude>
    <ClInclude Include="MainFrm.h">
      <Filter>头文件</Filter>
    </ClInclude>
    <ClInclude Include="CalibrationCtrlDoc.h">
      <Filter>头文件</Filter>
    </ClInclude>
    <ClInclude Include="CalibrationCtrlView.h">
      <Filter>头文件</Filter>
    </ClInclude>
    <ClInclude Include="Resource.h">
      <Filter>头文件</Filter>
    </ClInclude>
    <ClInclude Include="ChildFrm.h">
      <Filter>头文件</Filter>
    </ClInclude>
    <ClInclude Include="MDIPaneSplitterWnd.h">
      <Filter>头文件</Filter>
    </ClInclude>
    <ClInclude Include="PaneFrame.h">
      <Filter>头文件</Filter>
    </ClInclude>
    <ClInclude Include="..\..\include\Bayer.h">
      <Filter>头文件</Filter>
    </ClInclude>
    <ClInclude Include="MoreImageCtrl.h">
      <Filter>头文件</Filter>
    </ClInclude>
    <ClInclude Include="..\..\include\FSO_Tools.h">
      <Filter>头文件</Filter>
    </ClInclude>
    <ClInclude Include="MapFileCtrl.h">
      <Filter>头文件</Filter>
    </ClInclude>
    <ClInclude Include="..\..\include\toolsCLSID.h">
      <Filter>头文件</Filter>
    </ClInclude>
    <ClInclude Include="..\..\include\CAT_Tools.h">
      <Filter>头文件</Filter>
    </ClInclude>
    <ClInclude Include="IniCtrl.h">
      <Filter>头文件</Filter>
    </ClInclude>
    <ClInclude Include="DebugAssistant.h">
      <Filter>头文件</Filter>
    </ClInclude>
    <ClInclude Include="CriticalSection.h">
      <Filter>头文件</Filter>
    </ClInclude>
    <ClInclude Include="jianginclude\CalculationProcedure.h">
      <Filter>jiangmfc</Filter>
    </ClInclude>
    <ClInclude Include="ChartCtrl\ChartAxis.h">
      <Filter>chartctrl</Filter>
    </ClInclude>
    <ClInclude Include="ChartCtrl\ChartAxisLabel.h">
      <Filter>chartctrl</Filter>
    </ClInclude>
    <ClInclude Include="ChartCtrl\ChartBalloonLabel.h">
      <Filter>chartctrl</Filter>
    </ClInclude>
    <ClInclude Include="ChartCtrl\ChartBarSerie.h">
      <Filter>chartctrl</Filter>
    </ClInclude>
    <ClInclude Include="ChartCtrl\ChartCandlestickSerie.h">
      <Filter>chartctrl</Filter>
    </ClInclude>
    <ClInclude Include="ChartCtrl\ChartCrossHairCursor.h">
      <Filter>chartctrl</Filter>
    </ClInclude>
    <ClInclude Include="ChartCtrl\ChartCtrl.h">
      <Filter>chartctrl</Filter>
    </ClInclude>
    <ClInclude Include="ChartCtrl\ChartCursor.h">
      <Filter>chartctrl</Filter>
    </ClInclude>
    <ClInclude Include="ChartCtrl\ChartDateTimeAxis.h">
      <Filter>chartctrl</Filter>
    </ClInclude>
    <ClInclude Include="ChartCtrl\ChartDragLineCursor.h">
      <Filter>chartctrl</Filter>
    </ClInclude>
    <ClInclude Include="ChartCtrl\ChartFont.h">
      <Filter>chartctrl</Filter>
    </ClInclude>
    <ClInclude Include="ChartCtrl\ChartGanttSerie.h">
      <Filter>chartctrl</Filter>
    </ClInclude>
    <ClInclude Include="ChartCtrl\ChartGradient.h">
      <Filter>chartctrl</Filter>
    </ClInclude>
    <ClInclude Include="ChartCtrl\ChartGrid.h">
      <Filter>chartctrl</Filter>
    </ClInclude>
    <ClInclude Include="ChartCtrl\ChartLabel.h">
      <Filter>chartctrl</Filter>
    </ClInclude>
    <ClInclude Include="ChartCtrl\ChartLegend.h">
      <Filter>chartctrl</Filter>
    </ClInclude>
    <ClInclude Include="ChartCtrl\ChartLineSerie.h">
      <Filter>chartctrl</Filter>
    </ClInclude>
    <ClInclude Include="ChartCtrl\ChartLogarithmicAxis.h">
      <Filter>chartctrl</Filter>
    </ClInclude>
    <ClInclude Include="ChartCtrl\ChartMouseListener.h">
      <Filter>chartctrl</Filter>
    </ClInclude>
    <ClInclude Include="ChartCtrl\ChartPointsArray.h">
      <Filter>chartctrl</Filter>
    </ClInclude>
    <ClInclude Include="ChartCtrl\ChartPointsSerie.h">
      <Filter>chartctrl</Filter>
    </ClInclude>
    <ClInclude Include="ChartCtrl\ChartScrollBar.h">
      <Filter>chartctrl</Filter>
    </ClInclude>
    <ClInclude Include="ChartCtrl\ChartSerie.h">
      <Filter>chartctrl</Filter>
    </ClInclude>
    <ClInclude Include="ChartCtrl\ChartSerieBase.h">
      <Filter>chartctrl</Filter>
    </ClInclude>
    <ClInclude Include="ChartCtrl\ChartSeriesMouseListener.h">
      <Filter>chartctrl</Filter>
    </ClInclude>
    <ClInclude Include="ChartCtrl\ChartStandardAxis.h">
      <Filter>chartctrl</Filter>
    </ClInclude>
    <ClInclude Include="ChartCtrl\ChartString.h">
      <Filter>chartctrl</Filter>
    </ClInclude>
    <ClInclude Include="ChartCtrl\ChartSurfaceSerie.h">
      <Filter>chartctrl</Filter>
    </ClInclude>
    <ClInclude Include="ChartCtrl\ChartTitle.h">
      <Filter>chartctrl</Filter>
    </ClInclude>
    <ClInclude Include="ChartCtrl\ChartXYSerie.h">
      <Filter>chartctrl</Filter>
    </ClInclude>
    <ClInclude Include="ChartCtrl\PointsOrdering.h">
      <Filter>chartctrl</Filter>
    </ClInclude>
    <ClInclude Include="MiniCSV\minicsv.h">
      <Filter>CSV</Filter>
    </ClInclude>
    <ClInclude Include="MiniCSV\CSVOperator.h">
      <Filter>CSV</Filter>
    </ClInclude>
    <ClInclude Include="MiniCSV\StringParser.h">
      <Filter>CSV</Filter>
    </ClInclude>
    <ClInclude Include="TipDlg.h">
      <Filter>头文件</Filter>
    </ClInclude>
    <ClInclude Include="Dialog2.h">
      <Filter>头文件</Filter>
    </ClInclude>
    <ClInclude Include="codedmark\_codedTarget.h">
      <Filter>codemark</Filter>
    </ClInclude>
    <ClInclude Include="ShowPicZoom.h">
      <Filter>头文件</Filter>
    </ClInclude>
    <ClInclude Include="hBaseCasheMap.h">
      <Filter>hmap2</Filter>
    </ClInclude>
    <ClInclude Include="hCCasheMap.h">
      <Filter>hmap2</Filter>
    </ClInclude>
    <ClInclude Include="..\..\include\Avi_Tools.h">
      <Filter>include</Filter>
    </ClInclude>
    <ClInclude Include="..\..\include\CriticalSection.h">
      <Filter>include</Filter>
    </ClInclude>
    <ClInclude Include="..\..\include\global.h">
      <Filter>include</Filter>
    </ClInclude>
    <ClInclude Include="..\..\include\lexical_cast.hpp">
      <Filter>include</Filter>
    </ClInclude>
    <ClInclude Include="..\..\include\SocketEx.h">
      <Filter>include</Filter>
    </ClInclude>
    <ClInclude Include="..\..\include\YUV2RGB.h">
      <Filter>include</Filter>
    </ClInclude>
    <ClInclude Include="..\..\include\Str_Tools.h">
      <Filter>include</Filter>
    </ClInclude>
    <ClInclude Include="jianginclude\_Imageh.h">
      <Filter>jiangmfc</Filter>
    </ClInclude>
  </ItemGroup>
  <ItemGroup>
    <ClCompile Include="CalibrationCtrl.cpp">
      <Filter>源文件</Filter>
    </ClCompile>
    <ClCompile Include="stdafx.cpp">
      <Filter>源文件</Filter>
    </ClCompile>
    <ClCompile Include="MainFrm.cpp">
      <Filter>源文件</Filter>
    </ClCompile>
    <ClCompile Include="CalibrationCtrlDoc.cpp">
      <Filter>源文件</Filter>
    </ClCompile>
    <ClCompile Include="CalibrationCtrlView.cpp">
      <Filter>源文件</Filter>
    </ClCompile>
    <ClCompile Include="ChildFrm.cpp">
      <Filter>源文件</Filter>
    </ClCompile>
    <ClCompile Include="MDIPaneSplitterWnd.cpp">
      <Filter>源文件</Filter>
    </ClCompile>
    <ClCompile Include="PaneFrame.cpp">
      <Filter>源文件</Filter>
    </ClCompile>
    <ClCompile Include="ImgViewForm.cpp">
      <Filter>源文件</Filter>
    </ClCompile>
    <ClCompile Include="ImgPreview.cpp">
      <Filter>源文件</Filter>
    </ClCompile>
    <ClCompile Include="..\..\include\Bayer.cpp">
      <Filter>源文件</Filter>
    </ClCompile>
    <ClCompile Include="MoreImageCtrl.cpp">
      <Filter>源文件</Filter>
    </ClCompile>
    <ClCompile Include="..\..\include\FSO_Tools.cpp">
      <Filter>源文件</Filter>
    </ClCompile>
    <ClCompile Include="MapFileCtrl.cpp">
      <Filter>源文件</Filter>
    </ClCompile>
    <ClCompile Include="..\..\include\CAT_Tools.cpp">
      <Filter>源文件</Filter>
    </ClCompile>
    <ClCompile Include="IniCtrl.cpp">
      <Filter>源文件</Filter>
    </ClCompile>
    <ClCompile Include="DebugAssistant.cpp">
      <Filter>头文件</Filter>
    </ClCompile>
    <ClCompile Include="jianginclude\CalculationProcedure.cpp">
      <Filter>jiangmfc</Filter>
    </ClCompile>
    <ClCompile Include="ChartCtrl\ChartAxis.cpp">
      <Filter>chartctrl</Filter>
    </ClCompile>
    <ClCompile Include="ChartCtrl\ChartAxisLabel.cpp">
      <Filter>chartctrl</Filter>
    </ClCompile>
    <ClCompile Include="ChartCtrl\ChartBarSerie.cpp">
      <Filter>chartctrl</Filter>
    </ClCompile>
    <ClCompile Include="ChartCtrl\ChartCandlestickSerie.cpp">
      <Filter>chartctrl</Filter>
    </ClCompile>
    <ClCompile Include="ChartCtrl\ChartCrossHairCursor.cpp">
      <Filter>chartctrl</Filter>
    </ClCompile>
    <ClCompile Include="ChartCtrl\ChartCtrl.cpp">
      <Filter>chartctrl</Filter>
    </ClCompile>
    <ClCompile Include="ChartCtrl\ChartCursor.cpp">
      <Filter>chartctrl</Filter>
    </ClCompile>
    <ClCompile Include="ChartCtrl\ChartDateTimeAxis.cpp">
      <Filter>chartctrl</Filter>
    </ClCompile>
    <ClCompile Include="ChartCtrl\ChartDragLineCursor.cpp">
      <Filter>chartctrl</Filter>
    </ClCompile>
    <ClCompile Include="ChartCtrl\ChartFont.cpp">
      <Filter>chartctrl</Filter>
    </ClCompile>
    <ClCompile Include="ChartCtrl\ChartGanttSerie.cpp">
      <Filter>chartctrl</Filter>
    </ClCompile>
    <ClCompile Include="ChartCtrl\ChartGradient.cpp">
      <Filter>chartctrl</Filter>
    </ClCompile>
    <ClCompile Include="ChartCtrl\ChartGrid.cpp">
      <Filter>chartctrl</Filter>
    </ClCompile>
    <ClCompile Include="ChartCtrl\ChartLegend.cpp">
      <Filter>chartctrl</Filter>
    </ClCompile>
    <ClCompile Include="ChartCtrl\ChartLineSerie.cpp">
      <Filter>chartctrl</Filter>
    </ClCompile>
    <ClCompile Include="ChartCtrl\ChartLogarithmicAxis.cpp">
      <Filter>chartctrl</Filter>
    </ClCompile>
    <ClCompile Include="ChartCtrl\ChartPointsSerie.cpp">
      <Filter>chartctrl</Filter>
    </ClCompile>
    <ClCompile Include="ChartCtrl\ChartScrollBar.cpp">
      <Filter>chartctrl</Filter>
    </ClCompile>
    <ClCompile Include="ChartCtrl\ChartSerie.cpp">
      <Filter>chartctrl</Filter>
    </ClCompile>
    <ClCompile Include="ChartCtrl\ChartStandardAxis.cpp">
      <Filter>chartctrl</Filter>
    </ClCompile>
    <ClCompile Include="ChartCtrl\ChartSurfaceSerie.cpp">
      <Filter>chartctrl</Filter>
    </ClCompile>
    <ClCompile Include="ChartCtrl\ChartTitle.cpp">
      <Filter>chartctrl</Filter>
    </ClCompile>
    <ClCompile Include="ChartCtrl\ChartXYSerie.cpp">
      <Filter>chartctrl</Filter>
    </ClCompile>
    <ClCompile Include="MiniCSV\CSVOperator.cpp">
      <Filter>CSV</Filter>
    </ClCompile>
    <ClCompile Include="TipDlg.cpp">
      <Filter>源文件</Filter>
    </ClCompile>
    <ClCompile Include="Dialog2.cpp">
      <Filter>源文件</Filter>
    </ClCompile>
    <ClCompile Include="codedmark\_codedTarget.cpp">
      <Filter>codemark</Filter>
    </ClCompile>
    <ClCompile Include="ShowPicZoom.cpp">
      <Filter>源文件</Filter>
    </ClCompile>
    <ClCompile Include="hBaseCasheMap.cpp">
      <Filter>hmap2</Filter>
    </ClCompile>
    <ClCompile Include="..\..\include\Avi_Tools.cpp">
      <Filter>include</Filter>
    </ClCompile>
    <ClCompile Include="..\..\include\global.cpp">
      <Filter>include</Filter>
    </ClCompile>
    <ClCompile Include="..\..\include\SocketEx.cpp">
      <Filter>include</Filter>
    </ClCompile>
    <ClCompile Include="..\..\include\YUV2RGB.cpp">
      <Filter>include</Filter>
    </ClCompile>
    <ClCompile Include="..\..\include\Str_Tools.cpp">
      <Filter>include</Filter>
    </ClCompile>
    <ClCompile Include="jianginclude\_Imageh.cpp">
      <Filter>jiangmfc</Filter>
    </ClCompile>
  </ItemGroup>
  <ItemGroup>
    <ResourceCompile Include="CalibrationCtrl.rc">
      <Filter>资源文件</Filter>
    </ResourceCompile>
  </ItemGroup>
  <ItemGroup>
    <Image Include="res\hhh.ico">
      <Filter>资源文件</Filter>
    </Image>
    <Image Include="res\main.ico">
      <Filter>资源文件</Filter>
    </Image>
    <Image Include="res\2head.bmp">
      <Filter>资源文件</Filter>
    </Image>
    <Image Include="res\bitmap5.bmp">
      <Filter>资源文件</Filter>
    </Image>
    <Image Include="res\qqq.bmp">
      <Filter>资源文件</Filter>
    </Image>
  </ItemGroup>
</Project>